
Microsoft Visual Studio Solution File, Format Version 12.00
# Visual Studio 15
VisualStudioVersion = 15.0.28307.572
MinimumVisualStudioVersion = 10.0.40219.1
Project("{FAE04EC0-301F-11D3-BF4B-00C04F79EFBC}") = "NRLBroker", "NRLBroker.csproj", "{FE25046E-82D5-4C16-81FD-AB01A4DACCB7}"
EndProject
Global
	GlobalSection(SolutionConfigurationPlatforms) = preSolution
		Debug|Any CPU = Debug|Any CPU
		Release|Any CPU = Release|Any CPU
	EndGlobalSection
	GlobalSection(ProjectConfigurationPlatforms) = postSolution
		{FE25046E-82D5-4C16-81FD-AB01A4DACCB7}.Debug|Any CPU.ActiveCfg = Debug|Any CPU
		{FE25046E-82D5-4C16-81FD-AB01A4DACCB7}.Debug|Any CPU.Build.0 = Debug|Any CPU
		{FE25046E-82D5-4C16-81FD-AB01A4DACCB7}.Release|Any CPU.ActiveCfg = Release|Any CPU
		{FE25046E-82D5-4C16-81FD-AB01A4DACCB7}.Release|Any CPU.Build.0 = Release|Any CPU
	EndGlobalSection
	GlobalSection(SolutionProperties) = preSolution
		HideSolutionNode = FALSE
	EndGlobalSection
	GlobalSection(ExtensibilityGlobals) = postSolution
		SolutionGuid = {D018F869-3A8D-46D7-8CDE-BC66D9A87FA5}
	EndGlobalSection
EndGlobal
